
Microsoft Visual Studio Solution File, Format Version 12.00
# Visual Studio 15
VisualStudioVersion = 15.0.27004.2002
MinimumVisualStudioVersion = 10.0.40219.1
Project("{FAE04EC0-301F-11D3-BF4B-00C04F79EFBC}") = "PdfConverter", "PdfConverter\PdfConverter.csproj", "{DD97A6EE-5E4A-4A3E-A99A-296D4DBAF017}"
EndProject
Project("{FAE04EC0-301F-11D3-BF4B-00C04F79EFBC}") = "PdfConverterLibrary", "PdfConverterLibrary\PdfConverterLibrary.csproj", "{03172B76-C344-4729-BD33-49EA7124C937}"
EndProject
Global
	GlobalSection(SolutionConfigurationPlatforms) = preSolution
		Debug|Any CPU = Debug|Any CPU
		Release|Any CPU = Release|Any CPU
	EndGlobalSection
	GlobalSection(ProjectConfigurationPlatforms) = postSolution
		{DD97A6EE-5E4A-4A3E-A99A-296D4DBAF017}.Debug|Any CPU.ActiveCfg = Debug|Any CPU
		{DD97A6EE-5E4A-4A3E-A99A-296D4DBAF017}.Debug|Any CPU.Build.0 = Debug|Any CPU
		{DD97A6EE-5E4A-4A3E-A99A-296D4DBAF017}.Release|Any CPU.ActiveCfg = Release|Any CPU
		{DD97A6EE-5E4A-4A3E-A99A-296D4DBAF017}.Release|Any CPU.Build.0 = Release|Any CPU
		{03172B76-C344-4729-BD33-49EA7124C937}.Debug|Any CPU.ActiveCfg = Debug|Any CPU
		{03172B76-C344-4729-BD33-49EA7124C937}.Debug|Any CPU.Build.0 = Debug|Any CPU
		{03172B76-C344-4729-BD33-49EA7124C937}.Release|Any CPU.ActiveCfg = Release|Any CPU
		{03172B76-C344-4729-BD33-49EA7124C937}.Release|Any CPU.Build.0 = Release|Any CPU
	EndGlobalSection
	GlobalSection(SolutionProperties) = preSolution
		HideSolutionNode = FALSE
	EndGlobalSection
	GlobalSection(ExtensibilityGlobals) = postSolution
		SolutionGuid = {98807353-04B5-466A-8E0C-66A8D85B9CCD}
	EndGlobalSection
EndGlobal
